<Solution>
  <Project Path="FPOO-Aula-01/FPOO-Aula-01.csproj" />
  <Project Path="FPOO-Aula-02/FPOO-Aula-02.csproj" />
  <Project Path="FPOO-Aula-03/FPOO-Aula-03.csproj" Id="2e37b27a-077f-4b5f-8783-e46e8b796d79" />
  <Project Path="FPOO-Aula-04/FPOO-Aula-04.csproj" Id="8a63ea51-4bbf-40d9-917d-fed157d3d272" />
</Solution>
